# THIS IS AN AUTOGENERATED FILE. DO NOT EDIT THIS FILE DIRECTLY.
# yarn lockfile v1


"@types/node@^10.3.1":
  version "10.3.1"
  resolved "http://registry.npm.taobao.org/@types/node/download/@types/node-10.3.1.tgz#51092fbacaed768a122a293814474fbf6e5e8b6d"

D@^1.0.0:
  version "1.0.0"
  resolved "http://registry.npm.taobao.org/D/download/D-1.0.0.tgz#c348a4e034f72847be51206fc530fc089e9cc2a9"

typescript@^2.9.1:
  version "2.9.1"
  resolved "http://registry.npm.taobao.org/typescript/download/typescript-2.9.1.tgz#fdb19d2c67a15d11995fd15640e373e09ab09961"
